
Microsoft Visual Studio Solution File, Format Version 12.00
# Visual Studio Version 17
VisualStudioVersion = 17.9.34723.18
MinimumVisualStudioVersion = 10.0.40219.1
Project("{FAE04EC0-301F-11D3-BF4B-00C04F79EFBC}") = "kankylator", "kankylator\kankylator.csproj", "{6E42728D-13B1-4871-A51F-8327C1BCD129}"
EndProject
Global
	GlobalSection(SolutionConfigurationPlatforms) = preSolution
		Debug|Any CPU = Debug|Any CPU
		Release|Any CPU = Release|Any CPU
	EndGlobalSection
	GlobalSection(ProjectConfigurationPlatforms) = postSolution
		{6E42728D-13B1-4871-A51F-8327C1BCD129}.Debug|Any CPU.ActiveCfg = Debug|Any CPU
		{6E42728D-13B1-4871-A51F-8327C1BCD129}.Debug|Any CPU.Build.0 = Debug|Any CPU
		{6E42728D-13B1-4871-A51F-8327C1BCD129}.Release|Any CPU.ActiveCfg = Release|Any CPU
		{6E42728D-13B1-4871-A51F-8327C1BCD129}.Release|Any CPU.Build.0 = Release|Any CPU
	EndGlobalSection
	GlobalSection(SolutionProperties) = preSolution
		HideSolutionNode = FALSE
	EndGlobalSection
	GlobalSection(ExtensibilityGlobals) = postSolution
		SolutionGuid = {5331212A-1C92-4727-8A2B-FA36F9EB91AB}
	EndGlobalSection
EndGlobal
